
Microsoft Visual Studio Solution File, Format Version 12.00
# Visual Studio 15
Project("{FAE04EC0-301F-11D3-BF4B-00C04F79EFBC}") = "VFXFabric", "VFXFabric.csproj", "{774DB34E-67CB-890A-5CC8-D3EE8F6C7437}"
EndProject
Project("{FAE04EC0-301F-11D3-BF4B-00C04F79EFBC}") = "VFXFabric.Editor", "VFXFabric.Editor.csproj", "{26496803-B8B6-7820-BFCD-25FDA29EA3B0}"
EndProject
Global
	GlobalSection(SolutionConfigurationPlatforms) = preSolution
		Debug|Any CPU = Debug|Any CPU
		Release|Any CPU = Release|Any CPU
	EndGlobalSection
	GlobalSection(ProjectConfigurationPlatforms) = postSolution
		{774DB34E-67CB-890A-5CC8-D3EE8F6C7437}.Debug|Any CPU.ActiveCfg = Debug|Any CPU
		{774DB34E-67CB-890A-5CC8-D3EE8F6C7437}.Debug|Any CPU.Build.0 = Debug|Any CPU
		{774DB34E-67CB-890A-5CC8-D3EE8F6C7437}.Release|Any CPU.ActiveCfg = Release|Any CPU
		{774DB34E-67CB-890A-5CC8-D3EE8F6C7437}.Release|Any CPU.Build.0 = Release|Any CPU
		{26496803-B8B6-7820-BFCD-25FDA29EA3B0}.Debug|Any CPU.ActiveCfg = Debug|Any CPU
		{26496803-B8B6-7820-BFCD-25FDA29EA3B0}.Debug|Any CPU.Build.0 = Debug|Any CPU
		{26496803-B8B6-7820-BFCD-25FDA29EA3B0}.Release|Any CPU.ActiveCfg = Release|Any CPU
		{26496803-B8B6-7820-BFCD-25FDA29EA3B0}.Release|Any CPU.Build.0 = Release|Any CPU
	EndGlobalSection
	GlobalSection(SolutionProperties) = preSolution
		HideSolutionNode = FALSE
	EndGlobalSection
EndGlobal
